
Microsoft Visual Studio Solution File, Format Version 12.00
# Visual Studio Version 16
VisualStudioVersion = 16.0.32413.511
MinimumVisualStudioVersion = 10.0.40219.1
Project("{FAE04EC0-301F-11D3-BF4B-00C04F79EFBC}") = "restourantManagerForm", "restourantManagerForm.csproj", "{EDB6BBEC-5F93-439B-B289-D2187EFFC7AE}"
EndProject
Project("{9A19103F-16F7-4668-BE54-9A1E7A4F7556}") = "Firebase", "..\Firebase\Firebase.csproj", "{89A346D6-971E-4D1D-887C-68A8F2291B50}"
EndProject
Global
	GlobalSection(SolutionConfigurationPlatforms) = preSolution
		Debug|Any CPU = Debug|Any CPU
		Release|Any CPU = Release|Any CPU
	EndGlobalSection
	GlobalSection(ProjectConfigurationPlatforms) = postSolution
		{EDB6BBEC-5F93-439B-B289-D2187EFFC7AE}.Debug|Any CPU.ActiveCfg = Debug|Any CPU
		{EDB6BBEC-5F93-439B-B289-D2187EFFC7AE}.Debug|Any CPU.Build.0 = Debug|Any CPU
		{EDB6BBEC-5F93-439B-B289-D2187EFFC7AE}.Release|Any CPU.ActiveCfg = Release|Any CPU
		{EDB6BBEC-5F93-439B-B289-D2187EFFC7AE}.Release|Any CPU.Build.0 = Release|Any CPU
		{89A346D6-971E-4D1D-887C-68A8F2291B50}.Debug|Any CPU.ActiveCfg = Debug|Any CPU
		{89A346D6-971E-4D1D-887C-68A8F2291B50}.Debug|Any CPU.Build.0 = Debug|Any CPU
		{89A346D6-971E-4D1D-887C-68A8F2291B50}.Release|Any CPU.ActiveCfg = Release|Any CPU
		{89A346D6-971E-4D1D-887C-68A8F2291B50}.Release|Any CPU.Build.0 = Release|Any CPU
	EndGlobalSection
	GlobalSection(SolutionProperties) = preSolution
		HideSolutionNode = FALSE
	EndGlobalSection
	GlobalSection(ExtensibilityGlobals) = postSolution
		SolutionGuid = {4C245BD7-8542-49EB-BE3F-5F12F4849FAA}
	EndGlobalSection
EndGlobal
